// !$*UTF8*$!
{
	archiveVersion = 1;
	classes = {
	};
	objectVersion = 46;
	objects = {

/* Begin PBXBuildFile section */
		AD5E34441CD75290000262CF /* AppDelegate.swift in Sources */ = {isa = PBXBuildFile; fileRef = AD5E34431CD75290000262CF /* AppDelegate.swift */; };
		AD5E34461CD75290000262CF /* Assets.xcassets in Resources */ = {isa = PBXBuildFile; fileRef = AD5E34451CD75290000262CF /* Assets.xcassets */; };
		AD5E34491CD75291000262CF /* MainMenu.xib in Resources */ = {isa = PBXBuildFile; fileRef = AD5E34471CD75291000262CF /* MainMenu.xib */; };
		AD5E34511CD7530B000262CF /* MainWindowController.swift in Sources */ = {isa = PBXBuildFile; fileRef = AD5E34501CD7530B000262CF /* MainWindowController.swift */; };
		AD5E34531CD753B9000262CF /* MainWindowController.xib in Resources */ = {isa = PBXBuildFile; fileRef = AD5E34521CD753B9000262CF /* MainWindowController.xib */; };
/* End PBXBuildFile section */

/* Begin PBXFileReference section */
		AD5E34401CD75290000262CF /* RGBWell.app */ = {isa = PBXFileReference; explicitFileType = wrapper.application; includeInIndex = 0; path = RGBWell.app; sourceTree = BUILT_PRODUCTS_DIR; };
		AD5E34431CD75290000262CF /* AppDelegate.swift */ = {isa = PBXFileReference; lastKnownFileType = sourcecode.swift; path = AppDelegate.swift; sourceTree = "<group>"; };
		AD5E34451CD75290000262CF /* Assets.xcassets */ = {isa = PBXFileReference; lastKnownFileType = folder.assetcatalog; path = Assets.xcassets; sourceTree = "<group>"; };
		AD5E34481CD75291000262CF /* Base */ = {isa = PBXFileReference; lastKnownFileType = file.xib; name = Base; path = Base.lproj/MainMenu.xib; sourceTree = "<group>"; };
		AD5E344A1CD75291000262CF /* Info.plist */ = {isa = PBXFileReference; lastKnownFileType = text.plist.xml; path = Info.plist; sourceTree = "<group>"; };
		AD5E34501CD7530B000262CF /* MainWindowController.swift */ = {isa = PBXFileReference; fileEncoding = 4; lastKnownFileType = sourcecode.swift; path = MainWindowController.swift; sourceTree = "<group>"; };
		AD5E34521CD753B9000262CF /* MainWindowController.xib */ = {isa = PBXFileReference; fileEncoding = 4; lastKnownFileType = file.xib; path = MainWindowController.xib; sourceTree = "<group>"; };
/* End PBXFileReference section */

/* Begin PBXFrameworksBuildPhase section */
		AD5E343D1CD75290000262CF /* Frameworks */ = {
			isa = PBXFrameworksBuildPhase;
			buildActionMask = 2147483647;
			files = (
			);
			runOnlyForDeploymentPostprocessing = 0;
		};
/* End PBXFrameworksBuildPhase section */

/* Begin PBXGroup section */
		AD5E34371CD75290000262CF = {
			isa = PBXGroup;
			children = (
				AD5E34421CD75290000262CF /* RGBWell */,
				AD5E34411CD75290000262CF /* Products */,
			);
			sourceTree = "<group>";
		};
		AD5E34411CD75290000262CF /* Products */ = {
			isa = PBXGroup;
			children = (
				AD5E34401CD75290000262CF /* RGBWell.app */,
			);
			name = Products;
			sourceTree = "<group>";
		};
		AD5E34421CD75290000262CF /* RGBWell */ = {
			isa = PBXGroup;
			children = (
				AD5E34431CD75290000262CF /* AppDelegate.swift */,
				AD5E34501CD7530B000262CF /* MainWindowController.swift */,
				AD5E34521CD753B9000262CF /* MainWindowController.xib */,
				AD5E34451CD75290000262CF /* Assets.xcassets */,
				AD5E34471CD75291000262CF /* MainMenu.xib */,
				AD5E344A1CD75291000262CF /* Info.plist */,
			);
			path = RGBWell;
			sourceTree = "<group>";
		};
/* End PBXGroup section */

/* Begin PBXNativeTarget section */
		AD5E343F1CD75290000262CF /* RGBWell */ = {
			isa = PBXNativeTarget;
			buildConfigurationList = AD5E344D1CD75291000262CF /* Build configuration list for PBXNativeTarget "RGBWell" */;
			buildPhases = (
				AD5E343C1CD75290000262CF /* Sources */,
				AD5E343D1CD75290000262CF /* Frameworks */,
				AD5E343E1CD75290000262CF /* Resources */,
			);
			buildRules = (
			);
			dependencies = (
			);
			name = RGBWell;
			productName = RGBWell;
			productReference = AD5E34401CD75290000262CF /* RGBWell.app */;
			productType = "com.apple.product-type.application";
		};
/* End PBXNativeTarget section */

/* Begin PBXProject section */
		AD5E34381CD75290000262CF /* Project object */ = {
			isa = PBXProject;
			attributes = {
				LastSwiftUpdateCheck = 0730;
				LastUpgradeCheck = 0730;
				ORGANIZATIONNAME = YannisXu;
				TargetAttributes = {
					AD5E343F1CD75290000262CF = {
						CreatedOnToolsVersion = 7.3;
					};
				};
			};
			buildConfigurationList = AD5E343B1CD75290000262CF /* Build configuration list for PBXProject "RGBWell" */;
			compatibilityVersion = "Xcode 3.2";
			developmentRegion = English;
			hasScannedForEncodings = 0;
			knownRegions = (
				en,
				Base,
			);
			mainGroup = AD5E34371CD75290000262CF;
			productRefGroup = AD5E34411CD75290000262CF /* Products */;
			projectDirPath = "";
			projectRoot = "";
			targets = (
				AD5E343F1CD75290000262CF /* RGBWell */,
			);
		};
/* End PBXProject section */

/* Begin PBXResourcesBuildPhase section */
		AD5E343E1CD75290000262CF /* Resources */ = {
			isa = PBXResourcesBuildPhase;
			buildActionMask = 2147483647;
			files = (
				AD5E34461CD75290000262CF /* Assets.xcassets in Resources */,
				AD5E34531CD753B9000262CF /* MainWindowController.xib in Resources */,
				AD5E34491CD75291000262CF /* MainMenu.xib in Resources */,
			);
			runOnlyForDeploymentPostprocessing = 0;
		};
/* End PBXResourcesBuildPhase section */

/* Begin PBXSourcesBuildPhase section */
		AD5E343C1CD75290000262CF /* Sources */ = {
			isa = PBXSourcesBuildPhase;
			buildActionMask = 2147483647;
			files = (
				AD5E34511CD7530B000262CF /* MainWindowController.swift in Sources */,
				AD5E34441CD75290000262CF /* AppDelegate.swift in Sources */,
			);
			runOnlyForDeploymentPostprocessing = 0;
		};
/* End PBXSourcesBuildPhase section */

/* Begin PBXVariantGroup section */
		AD5E34471CD75291000262CF /* MainMenu.xib */ = {
			isa = PBXVariantGroup;
			children = (
				AD5E34481CD75291000262CF /* Base */,
			);
			name = MainMenu.xib;
			sourceTree = "<group>";
		};
/* End PBXVariantGroup section */

/* Begin XCBuildConfiguration section */
		AD5E344B1CD75291000262CF /* Debug */ = {
			isa = XCBuildConfiguration;
			buildSettings = {
				ALWAYS_SEARCH_USER_PATHS = NO;
				CLANG_ANALYZER_NONNULL = YES;
				CLANG_CXX_LANGUAGE_STANDARD = "gnu++0x";
				CLANG_CXX_LIBRARY = "libc++";
				CLANG_ENABLE_MODULES = YES;
				CLANG_ENABLE_OBJC_ARC = YES;
				CLANG_WARN_BOOL_CONVERSION = YES;
				CLANG_WARN_CONSTANT_CONVERSION = YES;
				CLANG_WARN_DIRECT_OBJC_ISA_USAGE = YES_ERROR;
				CLANG_WARN_EMPTY_BODY = YES;
				CLANG_WARN_ENUM_CONVERSION = YES;
				CLANG_WARN_INT_CONVERSION = YES;
				CLANG_WARN_OBJC_ROOT_CLASS = YES_ERROR;
				CLANG_WARN_UNREACHABLE_CODE = YES;
				CLANG_WARN__DUPLICATE_METHOD_MATCH = YES;
				CODE_SIGN_IDENTITY = "-";
				COPY_PHASE_STRIP = NO;
				DEBUG_INFORMATION_FORMAT = dwarf;
				ENABLE_STRICT_OBJC_MSGSEND = YES;
				ENABLE_TESTABILITY = YES;
				GCC_C_LANGUAGE_STANDARD = gnu99;
				GCC_DYNAMIC_NO_PIC = NO;
				GCC_NO_COMMON_BLOCKS = YES;
				GCC_OPTIMIZATION_LEVEL = 0;
				GCC_PREPROCESSOR_DEFINITIONS = (
					"DEBUG=1",
					"$(inherited)",
				);
				GCC_WARN_64_TO_32_BIT_CONVERSION = YES;
				GCC_WARN_ABOUT_RETURN_TYPE = YES_ERROR;
				GCC_WARN_UNDECLARED_SELECTOR = YES;
				GCC_WARN_UNINITIALIZED_AUTOS = YES_AGGRESSIVE;
				GCC_WARN_UNUSED_FUNCTION = YES;
				GCC_WARN_UNUSED_VARIABLE = YES;
				MACOSX_DEPLOYMENT_TARGET = 10.11;
				MTL_ENABLE_DEBUG_INFO = YES;
				ONLY_ACTIVE_ARCH = YES;
				SDKROOT = macosx;
				SWIFT_OPTIMIZATION_LEVEL = "-Onone";
			};
			name = Debug;
		};
		AD5E344C1CD75291000262CF /* Release */ = {
			isa = XCBuildConfiguration;
			buildSettings = {
				ALWAYS_SEARCH_USER_PATHS = NO;
				CLANG_ANALYZER_NONNULL = YES;
				CLANG_CXX_LANGUAGE_STANDARD = "gnu++0x";
				CLANG_CXX_LIBRARY = "libc++";
				CLANG_ENABLE_MODULES = YES;
				CLANG_ENABLE_OBJC_ARC = YES;
				CLANG_WARN_BOOL_CONVERSION = YES;
				CLANG_WARN_CONSTANT_CONVERSION = YES;
				CLANG_WARN_DIRECT_OBJC_ISA_USAGE = YES_ERROR;
				CLANG_WARN_EMPTY_BODY = YES;
				CLANG_WARN_ENUM_CONVERSION = YES;
				CLANG_WARN_INT_CONVERSION = YES;
				CLANG_WARN_OBJC_ROOT_CLASS = YES_ERROR;
				CLANG_WARN_UNREACHABLE_CODE = YES;
				CLANG_WARN__DUPLICATE_METHOD_MATCH = YES;
				CODE_SIGN_IDENTITY = "-";
				COPY_PHASE_STRIP = NO;
				DEBUG_INFORMATION_FORMAT = "dwarf-with-dsym";
				ENABLE_NS_ASSERTIONS = NO;
				ENABLE_STRICT_OBJC_MSGSEND = YES;
				GCC_C_LANGUAGE_STANDARD = gnu99;
				GCC_NO_COMMON_BLOCKS = YES;
				GCC_WARN_64_TO_32_BIT_CONVERSION = YES;
				GCC_WARN_ABOUT_RETURN_TYPE = YES_ERROR;
				GCC_WARN_UNDECLARED_SELECTOR = YES;
				GCC_WARN_UNINITIALIZED_AUTOS = YES_AGGRESSIVE;
				GCC_WARN_UNUSED_FUNCTION = YES;
				GCC_WARN_UNUSED_VARIABLE = YES;
				MACOSX_DEPLOYMENT_TARGET = 10.11;
				MTL_ENABLE_DEBUG_INFO = NO;
				SDKROOT = macosx;
			};
			name = Release;
		};
		AD5E344E1CD75291000262CF /* Debug */ = {
			isa = XCBuildConfiguration;
			buildSettings = {
				ASSETCATALOG_COMPILER_APPICON_NAME = AppIcon;
				COMBINE_HIDPI_IMAGES = YES;
				INFOPLIST_FILE = RGBWell/Info.plist;
				LD_RUNPATH_SEARCH_PATHS = "$(inherited) @executable_path/../Frameworks";
				PRODUCT_BUNDLE_IDENTIFIER = com.snippet.RGBWell;
				PRODUCT_NAME = "$(TARGET_NAME)";
			};
			name = Debug;
		};
		AD5E344F1CD75291000262CF /* Release */ = {
			isa = XCBuildConfiguration;
			buildSettings = {
				ASSETCATALOG_COMPILER_APPICON_NAME = AppIcon;
				COMBINE_HIDPI_IMAGES = YES;
				INFOPLIST_FILE = RGBWell/Info.plist;
				LD_RUNPATH_SEARCH_PATHS = "$(inherited) @executable_path/../Frameworks";
				PRODUCT_BUNDLE_IDENTIFIER = com.snippet.RGBWell;
				PRODUCT_NAME = "$(TARGET_NAME)";
			};
			name = Release;
		};
/* End XCBuildConfiguration section */

/* Begin XCConfigurationList section */
		AD5E343B1CD75290000262CF /* Build configuration list for PBXProject "RGBWell" */ = {
			isa = XCConfigurationList;
			buildConfigurations = (
				AD5E344B1CD75291000262CF /* Debug */,
				AD5E344C1CD75291000262CF /* Release */,
			);
			defaultConfigurationIsVisible = 0;
			defaultConfigurationName = Release;
		};
		AD5E344D1CD75291000262CF /* Build configuration list for PBXNativeTarget "RGBWell" */ = {
			isa = XCConfigurationList;
			buildConfigurations = (
				AD5E344E1CD75291000262CF /* Debug */,
				AD5E344F1CD75291000262CF /* Release */,
			);
			defaultConfigurationIsVisible = 0;
		};
/* End XCConfigurationList section */
	};
	rootObject = AD5E34381CD75290000262CF /* Project object */;
}
