// !$*UTF8*$!
{
	archiveVersion = 1;
	classes = {
	};
	objectVersion = 46;
	objects = {

/* Begin PBXBuildFile section */
		ADD7A7DC1D137157001D1B16 /* PreferenceManager.swift in Sources */ = {isa = PBXBuildFile; fileRef = ADD7A7DB1D137157001D1B16 /* PreferenceManager.swift */; };
		ADF6F8BA1CE8BB7100448615 /* AppDelegate.swift in Sources */ = {isa = PBXBuildFile; fileRef = ADF6F8B91CE8BB7100448615 /* AppDelegate.swift */; };
		ADF6F8BC1CE8BB7100448615 /* Assets.xcassets in Resources */ = {isa = PBXBuildFile; fileRef = ADF6F8BB1CE8BB7100448615 /* Assets.xcassets */; };
		ADF6F8BF1CE8BB7100448615 /* MainMenu.xib in Resources */ = {isa = PBXBuildFile; fileRef = ADF6F8BD1CE8BB7100448615 /* MainMenu.xib */; };
		ADF6F8C81CE8BB8F00448615 /* MainWindowController.swift in Sources */ = {isa = PBXBuildFile; fileRef = ADF6F8C61CE8BB8F00448615 /* MainWindowController.swift */; };
		ADF6F8C91CE8BB8F00448615 /* MainWindowController.xib in Resources */ = {isa = PBXBuildFile; fileRef = ADF6F8C71CE8BB8F00448615 /* MainWindowController.xib */; };
/* End PBXBuildFile section */

/* Begin PBXFileReference section */
		ADD7A7DB1D137157001D1B16 /* PreferenceManager.swift */ = {isa = PBXFileReference; fileEncoding = 4; lastKnownFileType = sourcecode.swift; path = PreferenceManager.swift; sourceTree = "<group>"; };
		ADF6F8B61CE8BB7100448615 /* SpeakLine.app */ = {isa = PBXFileReference; explicitFileType = wrapper.application; includeInIndex = 0; path = SpeakLine.app; sourceTree = BUILT_PRODUCTS_DIR; };
		ADF6F8B91CE8BB7100448615 /* AppDelegate.swift */ = {isa = PBXFileReference; lastKnownFileType = sourcecode.swift; path = AppDelegate.swift; sourceTree = "<group>"; };
		ADF6F8BB1CE8BB7100448615 /* Assets.xcassets */ = {isa = PBXFileReference; lastKnownFileType = folder.assetcatalog; path = Assets.xcassets; sourceTree = "<group>"; };
		ADF6F8BE1CE8BB7100448615 /* Base */ = {isa = PBXFileReference; lastKnownFileType = file.xib; name = Base; path = Base.lproj/MainMenu.xib; sourceTree = "<group>"; };
		ADF6F8C01CE8BB7100448615 /* Info.plist */ = {isa = PBXFileReference; lastKnownFileType = text.plist.xml; path = Info.plist; sourceTree = "<group>"; };
		ADF6F8C61CE8BB8F00448615 /* MainWindowController.swift */ = {isa = PBXFileReference; fileEncoding = 4; lastKnownFileType = sourcecode.swift; path = MainWindowController.swift; sourceTree = "<group>"; };
		ADF6F8C71CE8BB8F00448615 /* MainWindowController.xib */ = {isa = PBXFileReference; fileEncoding = 4; lastKnownFileType = file.xib; path = MainWindowController.xib; sourceTree = "<group>"; };
/* End PBXFileReference section */

/* Begin PBXFrameworksBuildPhase section */
		ADF6F8B31CE8BB7100448615 /* Frameworks */ = {
			isa = PBXFrameworksBuildPhase;
			buildActionMask = 2147483647;
			files = (
			);
			runOnlyForDeploymentPostprocessing = 0;
		};
/* End PBXFrameworksBuildPhase section */

/* Begin PBXGroup section */
		ADF6F8AD1CE8BB7000448615 = {
			isa = PBXGroup;
			children = (
				ADF6F8B81CE8BB7100448615 /* SpeakLine */,
				ADF6F8B71CE8BB7100448615 /* Products */,
			);
			sourceTree = "<group>";
		};
		ADF6F8B71CE8BB7100448615 /* Products */ = {
			isa = PBXGroup;
			children = (
				ADF6F8B61CE8BB7100448615 /* SpeakLine.app */,
			);
			name = Products;
			sourceTree = "<group>";
		};
		ADF6F8B81CE8BB7100448615 /* SpeakLine */ = {
			isa = PBXGroup;
			children = (
				ADF6F8B91CE8BB7100448615 /* AppDelegate.swift */,
				ADF6F8BB1CE8BB7100448615 /* Assets.xcassets */,
				ADF6F8BD1CE8BB7100448615 /* MainMenu.xib */,
				ADF6F8C01CE8BB7100448615 /* Info.plist */,
				ADF6F8C61CE8BB8F00448615 /* MainWindowController.swift */,
				ADF6F8C71CE8BB8F00448615 /* MainWindowController.xib */,
				ADD7A7DB1D137157001D1B16 /* PreferenceManager.swift */,
			);
			path = SpeakLine;
			sourceTree = "<group>";
		};
/* End PBXGroup section */

/* Begin PBXNativeTarget section */
		ADF6F8B51CE8BB7100448615 /* SpeakLine */ = {
			isa = PBXNativeTarget;
			buildConfigurationList = ADF6F8C31CE8BB7100448615 /* Build configuration list for PBXNativeTarget "SpeakLine" */;
			buildPhases = (
				ADF6F8B21CE8BB7100448615 /* Sources */,
				ADF6F8B31CE8BB7100448615 /* Frameworks */,
				ADF6F8B41CE8BB7100448615 /* Resources */,
			);
			buildRules = (
			);
			dependencies = (
			);
			name = SpeakLine;
			productName = SpeakLine;
			productReference = ADF6F8B61CE8BB7100448615 /* SpeakLine.app */;
			productType = "com.apple.product-type.application";
		};
/* End PBXNativeTarget section */

/* Begin PBXProject section */
		ADF6F8AE1CE8BB7000448615 /* Project object */ = {
			isa = PBXProject;
			attributes = {
				LastSwiftUpdateCheck = 0730;
				LastUpgradeCheck = 0730;
				ORGANIZATIONNAME = YannisXu;
				TargetAttributes = {
					ADF6F8B51CE8BB7100448615 = {
						CreatedOnToolsVersion = 7.3.1;
					};
				};
			};
			buildConfigurationList = ADF6F8B11CE8BB7100448615 /* Build configuration list for PBXProject "SpeakLine" */;
			compatibilityVersion = "Xcode 3.2";
			developmentRegion = English;
			hasScannedForEncodings = 0;
			knownRegions = (
				en,
				Base,
			);
			mainGroup = ADF6F8AD1CE8BB7000448615;
			productRefGroup = ADF6F8B71CE8BB7100448615 /* Products */;
			projectDirPath = "";
			projectRoot = "";
			targets = (
				ADF6F8B51CE8BB7100448615 /* SpeakLine */,
			);
		};
/* End PBXProject section */

/* Begin PBXResourcesBuildPhase section */
		ADF6F8B41CE8BB7100448615 /* Resources */ = {
			isa = PBXResourcesBuildPhase;
			buildActionMask = 2147483647;
			files = (
				ADF6F8BC1CE8BB7100448615 /* Assets.xcassets in Resources */,
				ADF6F8C91CE8BB8F00448615 /* MainWindowController.xib in Resources */,
				ADF6F8BF1CE8BB7100448615 /* MainMenu.xib in Resources */,
			);
			runOnlyForDeploymentPostprocessing = 0;
		};
/* End PBXResourcesBuildPhase section */

/* Begin PBXSourcesBuildPhase section */
		ADF6F8B21CE8BB7100448615 /* Sources */ = {
			isa = PBXSourcesBuildPhase;
			buildActionMask = 2147483647;
			files = (
				ADF6F8C81CE8BB8F00448615 /* MainWindowController.swift in Sources */,
				ADD7A7DC1D137157001D1B16 /* PreferenceManager.swift in Sources */,
				ADF6F8BA1CE8BB7100448615 /* AppDelegate.swift in Sources */,
			);
			runOnlyForDeploymentPostprocessing = 0;
		};
/* End PBXSourcesBuildPhase section */

/* Begin PBXVariantGroup section */
		ADF6F8BD1CE8BB7100448615 /* MainMenu.xib */ = {
			isa = PBXVariantGroup;
			children = (
				ADF6F8BE1CE8BB7100448615 /* Base */,
			);
			name = MainMenu.xib;
			sourceTree = "<group>";
		};
/* End PBXVariantGroup section */

/* Begin XCBuildConfiguration section */
		ADF6F8C11CE8BB7100448615 /* Debug */ = {
			isa = XCBuildConfiguration;
			buildSettings = {
				ALWAYS_SEARCH_USER_PATHS = NO;
				CLANG_ANALYZER_NONNULL = YES;
				CLANG_CXX_LANGUAGE_STANDARD = "gnu++0x";
				CLANG_CXX_LIBRARY = "libc++";
				CLANG_ENABLE_MODULES = YES;
				CLANG_ENABLE_OBJC_ARC = YES;
				CLANG_WARN_BOOL_CONVERSION = YES;
				CLANG_WARN_CONSTANT_CONVERSION = YES;
				CLANG_WARN_DIRECT_OBJC_ISA_USAGE = YES_ERROR;
				CLANG_WARN_EMPTY_BODY = YES;
				CLANG_WARN_ENUM_CONVERSION = YES;
				CLANG_WARN_INT_CONVERSION = YES;
				CLANG_WARN_OBJC_ROOT_CLASS = YES_ERROR;
				CLANG_WARN_UNREACHABLE_CODE = YES;
				CLANG_WARN__DUPLICATE_METHOD_MATCH = YES;
				CODE_SIGN_IDENTITY = "-";
				COPY_PHASE_STRIP = NO;
				DEBUG_INFORMATION_FORMAT = dwarf;
				ENABLE_STRICT_OBJC_MSGSEND = YES;
				ENABLE_TESTABILITY = YES;
				GCC_C_LANGUAGE_STANDARD = gnu99;
				GCC_DYNAMIC_NO_PIC = NO;
				GCC_NO_COMMON_BLOCKS = YES;
				GCC_OPTIMIZATION_LEVEL = 0;
				GCC_PREPROCESSOR_DEFINITIONS = (
					"DEBUG=1",
					"$(inherited)",
				);
				GCC_WARN_64_TO_32_BIT_CONVERSION = YES;
				GCC_WARN_ABOUT_RETURN_TYPE = YES_ERROR;
				GCC_WARN_UNDECLARED_SELECTOR = YES;
				GCC_WARN_UNINITIALIZED_AUTOS = YES_AGGRESSIVE;
				GCC_WARN_UNUSED_FUNCTION = YES;
				GCC_WARN_UNUSED_VARIABLE = YES;
				MACOSX_DEPLOYMENT_TARGET = 10.11;
				MTL_ENABLE_DEBUG_INFO = YES;
				ONLY_ACTIVE_ARCH = YES;
				SDKROOT = macosx;
				SWIFT_OPTIMIZATION_LEVEL = "-Onone";
			};
			name = Debug;
		};
		ADF6F8C21CE8BB7100448615 /* Release */ = {
			isa = XCBuildConfiguration;
			buildSettings = {
				ALWAYS_SEARCH_USER_PATHS = NO;
				CLANG_ANALYZER_NONNULL = YES;
				CLANG_CXX_LANGUAGE_STANDARD = "gnu++0x";
				CLANG_CXX_LIBRARY = "libc++";
				CLANG_ENABLE_MODULES = YES;
				CLANG_ENABLE_OBJC_ARC = YES;
				CLANG_WARN_BOOL_CONVERSION = YES;
				CLANG_WARN_CONSTANT_CONVERSION = YES;
				CLANG_WARN_DIRECT_OBJC_ISA_USAGE = YES_ERROR;
				CLANG_WARN_EMPTY_BODY = YES;
				CLANG_WARN_ENUM_CONVERSION = YES;
				CLANG_WARN_INT_CONVERSION = YES;
				CLANG_WARN_OBJC_ROOT_CLASS = YES_ERROR;
				CLANG_WARN_UNREACHABLE_CODE = YES;
				CLANG_WARN__DUPLICATE_METHOD_MATCH = YES;
				CODE_SIGN_IDENTITY = "-";
				COPY_PHASE_STRIP = NO;
				DEBUG_INFORMATION_FORMAT = "dwarf-with-dsym";
				ENABLE_NS_ASSERTIONS = NO;
				ENABLE_STRICT_OBJC_MSGSEND = YES;
				GCC_C_LANGUAGE_STANDARD = gnu99;
				GCC_NO_COMMON_BLOCKS = YES;
				GCC_WARN_64_TO_32_BIT_CONVERSION = YES;
				GCC_WARN_ABOUT_RETURN_TYPE = YES_ERROR;
				GCC_WARN_UNDECLARED_SELECTOR = YES;
				GCC_WARN_UNINITIALIZED_AUTOS = YES_AGGRESSIVE;
				GCC_WARN_UNUSED_FUNCTION = YES;
				GCC_WARN_UNUSED_VARIABLE = YES;
				MACOSX_DEPLOYMENT_TARGET = 10.11;
				MTL_ENABLE_DEBUG_INFO = NO;
				SDKROOT = macosx;
			};
			name = Release;
		};
		ADF6F8C41CE8BB7100448615 /* Debug */ = {
			isa = XCBuildConfiguration;
			buildSettings = {
				ASSETCATALOG_COMPILER_APPICON_NAME = AppIcon;
				COMBINE_HIDPI_IMAGES = YES;
				INFOPLIST_FILE = SpeakLine/Info.plist;
				LD_RUNPATH_SEARCH_PATHS = "$(inherited) @executable_path/../Frameworks";
				PRODUCT_BUNDLE_IDENTIFIER = com.snippet.SpeakLine;
				PRODUCT_NAME = "$(TARGET_NAME)";
			};
			name = Debug;
		};
		ADF6F8C51CE8BB7100448615 /* Release */ = {
			isa = XCBuildConfiguration;
			buildSettings = {
				ASSETCATALOG_COMPILER_APPICON_NAME = AppIcon;
				COMBINE_HIDPI_IMAGES = YES;
				INFOPLIST_FILE = SpeakLine/Info.plist;
				LD_RUNPATH_SEARCH_PATHS = "$(inherited) @executable_path/../Frameworks";
				PRODUCT_BUNDLE_IDENTIFIER = com.snippet.SpeakLine;
				PRODUCT_NAME = "$(TARGET_NAME)";
			};
			name = Release;
		};
/* End XCBuildConfiguration section */

/* Begin XCConfigurationList section */
		ADF6F8B11CE8BB7100448615 /* Build configuration list for PBXProject "SpeakLine" */ = {
			isa = XCConfigurationList;
			buildConfigurations = (
				ADF6F8C11CE8BB7100448615 /* Debug */,
				ADF6F8C21CE8BB7100448615 /* Release */,
			);
			defaultConfigurationIsVisible = 0;
			defaultConfigurationName = Release;
		};
		ADF6F8C31CE8BB7100448615 /* Build configuration list for PBXNativeTarget "SpeakLine" */ = {
			isa = XCConfigurationList;
			buildConfigurations = (
				ADF6F8C41CE8BB7100448615 /* Debug */,
				ADF6F8C51CE8BB7100448615 /* Release */,
			);
			defaultConfigurationIsVisible = 0;
			defaultConfigurationName = Release;
		};
/* End XCConfigurationList section */
	};
	rootObject = ADF6F8AE1CE8BB7000448615 /* Project object */;
}
